
Microsoft Visual Studio Solution File, Format Version 12.00
# Visual Studio Version 16
VisualStudioVersion = 16.0.28803.452
MinimumVisualStudioVersion = 10.0.40219.1
Project("{9A19103F-16F7-4668-BE54-9A1E7A4F7556}") = "Lumione", "Lumione\Lumione.csproj", "{09B8D37E-A010-4F93-A01D-FEE90526B4C0}"
EndProject
Project("{9A19103F-16F7-4668-BE54-9A1E7A4F7556}") = "LumioneTests", "LumioneTests\LumioneTests.csproj", "{23D780BD-ECBD-41FB-B3ED-1B0EE4D62AD2}"
EndProject
Global
	GlobalSection(SolutionConfigurationPlatforms) = preSolution
		Debug|Any CPU = Debug|Any CPU
		Release|Any CPU = Release|Any CPU
	EndGlobalSection
	GlobalSection(ProjectConfigurationPlatforms) = postSolution
		{09B8D37E-A010-4F93-A01D-FEE90526B4C0}.Debug|Any CPU.ActiveCfg = Debug|Any CPU
		{09B8D37E-A010-4F93-A01D-FEE90526B4C0}.Debug|Any CPU.Build.0 = Debug|Any CPU
		{09B8D37E-A010-4F93-A01D-FEE90526B4C0}.Release|Any CPU.ActiveCfg = Release|Any CPU
		{09B8D37E-A010-4F93-A01D-FEE90526B4C0}.Release|Any CPU.Build.0 = Release|Any CPU
		{23D780BD-ECBD-41FB-B3ED-1B0EE4D62AD2}.Debug|Any CPU.ActiveCfg = Debug|Any CPU
		{23D780BD-ECBD-41FB-B3ED-1B0EE4D62AD2}.Debug|Any CPU.Build.0 = Debug|Any CPU
		{23D780BD-ECBD-41FB-B3ED-1B0EE4D62AD2}.Release|Any CPU.ActiveCfg = Release|Any CPU
		{23D780BD-ECBD-41FB-B3ED-1B0EE4D62AD2}.Release|Any CPU.Build.0 = Release|Any CPU
	EndGlobalSection
	GlobalSection(SolutionProperties) = preSolution
		HideSolutionNode = FALSE
	EndGlobalSection
	GlobalSection(ExtensibilityGlobals) = postSolution
		SolutionGuid = {7700DE8A-C5EF-4D55-A8B2-307B36CC863A}
	EndGlobalSection
EndGlobal
